
Microsoft Visual Studio Solution File, Format Version 12.00
# Visual Studio Version 17
VisualStudioVersion = 17.9.34728.123
MinimumVisualStudioVersion = 10.0.40219.1
Project("{8BC9CEB8-8B4A-11D0-8D11-00A0C91BC942}") = "MT3 00_04", "MT3 00_04.vcxproj", "{CE70FB1B-4A71-4CB8-8F6B-847D348A5D59}"
EndProject
Global
	GlobalSection(SolutionConfigurationPlatforms) = preSolution
		Debug|x64 = Debug|x64
		Release|x64 = Release|x64
	EndGlobalSection
	GlobalSection(ProjectConfigurationPlatforms) = postSolution
		{CE70FB1B-4A71-4CB8-8F6B-847D348A5D59}.Debug|x64.ActiveCfg = Debug|x64
		{CE70FB1B-4A71-4CB8-8F6B-847D348A5D59}.Debug|x64.Build.0 = Debug|x64
		{CE70FB1B-4A71-4CB8-8F6B-847D348A5D59}.Release|x64.ActiveCfg = Release|x64
		{CE70FB1B-4A71-4CB8-8F6B-847D348A5D59}.Release|x64.Build.0 = Release|x64
	EndGlobalSection
	GlobalSection(SolutionProperties) = preSolution
		HideSolutionNode = FALSE
	EndGlobalSection
	GlobalSection(ExtensibilityGlobals) = postSolution
		SolutionGuid = {DC32E896-06D5-4FDE-8AB1-669B316F5E97}
	EndGlobalSection
EndGlobal
